
Microsoft Visual Studio Solution File, Format Version 12.00
# Visual Studio 15
VisualStudioVersion = 15.0.28010.2003
MinimumVisualStudioVersion = 10.0.40219.1
Project("{FAE04EC0-301F-11D3-BF4B-00C04F79EFBC}") = "NugetWrapper", "NugetWrapper\NugetWrapper.csproj", "{48C5F8F0-A05F-4CA8-9EFA-00461FEFA4B8}"
EndProject
Global
	GlobalSection(SolutionConfigurationPlatforms) = preSolution
		Debug|Any CPU = Debug|Any CPU
		Release|Any CPU = Release|Any CPU
	EndGlobalSection
	GlobalSection(ProjectConfigurationPlatforms) = postSolution
		{48C5F8F0-A05F-4CA8-9EFA-00461FEFA4B8}.Debug|Any CPU.ActiveCfg = Debug|Any CPU
		{48C5F8F0-A05F-4CA8-9EFA-00461FEFA4B8}.Debug|Any CPU.Build.0 = Debug|Any CPU
		{48C5F8F0-A05F-4CA8-9EFA-00461FEFA4B8}.Release|Any CPU.ActiveCfg = Release|Any CPU
		{48C5F8F0-A05F-4CA8-9EFA-00461FEFA4B8}.Release|Any CPU.Build.0 = Release|Any CPU
	EndGlobalSection
	GlobalSection(SolutionProperties) = preSolution
		HideSolutionNode = FALSE
	EndGlobalSection
	GlobalSection(ExtensibilityGlobals) = postSolution
		SolutionGuid = {E3B916A9-5B10-4FE5-BD16-66CA2F175C6A}
	EndGlobalSection
EndGlobal
